Microsoft Visual Studio Solution File, Format Version 12.00
# Visual Studio Version 17
VisualStudioVersion = 17.5.2.0
MinimumVisualStudioVersion = 10.0.40219.1
Project("{FAE04EC0-301F-11D3-BF4B-00C04F79EFBC}") = "az-fn-to-queue", "az-fn-to-queue.csproj", "{878A90D6-DA42-4175-1764-DEC4941CAAF7}"
EndProject
Global
	GlobalSection(SolutionConfigurationPlatforms) = preSolution
		Debug|Any CPU = Debug|Any CPU
		Release|Any CPU = Release|Any CPU
	EndGlobalSection
	GlobalSection(ProjectConfigurationPlatforms) = postSolution
		{878A90D6-DA42-4175-1764-DEC4941CAAF7}.Debug|Any CPU.ActiveCfg = Debug|Any CPU
		{878A90D6-DA42-4175-1764-DEC4941CAAF7}.Debug|Any CPU.Build.0 = Debug|Any CPU
		{878A90D6-DA42-4175-1764-DEC4941CAAF7}.Release|Any CPU.ActiveCfg = Release|Any CPU
		{878A90D6-DA42-4175-1764-DEC4941CAAF7}.Release|Any CPU.Build.0 = Release|Any CPU
	EndGlobalSection
	GlobalSection(SolutionProperties) = preSolution
		HideSolutionNode = FALSE
	EndGlobalSection
	GlobalSection(ExtensibilityGlobals) = postSolution
		SolutionGuid = {05E7C072-E52D-4157-9426-572D3BF90571}
	EndGlobalSection
EndGlobal
